
Microsoft Visual Studio Solution File, Format Version 12.00
# Visual Studio 14
VisualStudioVersion = 14.0.25123.0
MinimumVisualStudioVersion = 10.0.40219.1
Project("{A07B5EB6-E848-4116-A8D0-A826331D98C6}") = "MyStatefulServiceApplication", "MyStatefulServiceApplication\MyStatefulServiceApplication.sfproj", "{1FE93331-ED68-48B7-9D3B-AD70CDF205B8}"
EndProject
Project("{FAE04EC0-301F-11D3-BF4B-00C04F79EFBC}") = "MyStatefulService", "MyStatefulService\MyStatefulService.csproj", "{818C022B-B3B2-44E0-BB77-1E86B5AA238D}"
EndProject
Global
	GlobalSection(SolutionConfigurationPlatforms) = preSolution
		Debug|x64 = Debug|x64
		Release|x64 = Release|x64
	EndGlobalSection
	GlobalSection(ProjectConfigurationPlatforms) = postSolution
		{1FE93331-ED68-48B7-9D3B-AD70CDF205B8}.Debug|x64.ActiveCfg = Debug|x64
		{1FE93331-ED68-48B7-9D3B-AD70CDF205B8}.Debug|x64.Build.0 = Debug|x64
		{1FE93331-ED68-48B7-9D3B-AD70CDF205B8}.Debug|x64.Deploy.0 = Debug|x64
		{1FE93331-ED68-48B7-9D3B-AD70CDF205B8}.Release|x64.ActiveCfg = Release|x64
		{1FE93331-ED68-48B7-9D3B-AD70CDF205B8}.Release|x64.Build.0 = Release|x64
		{1FE93331-ED68-48B7-9D3B-AD70CDF205B8}.Release|x64.Deploy.0 = Release|x64
		{818C022B-B3B2-44E0-BB77-1E86B5AA238D}.Debug|x64.ActiveCfg = Debug|x64
		{818C022B-B3B2-44E0-BB77-1E86B5AA238D}.Debug|x64.Build.0 = Debug|x64
		{818C022B-B3B2-44E0-BB77-1E86B5AA238D}.Release|x64.ActiveCfg = Release|x64
		{818C022B-B3B2-44E0-BB77-1E86B5AA238D}.Release|x64.Build.0 = Release|x64
	EndGlobalSection
	GlobalSection(SolutionProperties) = preSolution
		HideSolutionNode = FALSE
	EndGlobalSection
EndGlobal
